github.com/dunglas/httpsfv v1.1.0 h1:Jw76nAyKWKZKFrpMMcL76y35tOpYHqQPzHQiwDvpe54=
github.com/dunglas/httpsfv v1.1.0/go.mod h1:zID2mqw9mFsnt7YC3vYQ9/cjq30q41W+1AnDwH8TiMg=
github.com/julienschmidt/httprouter v1.3.0 h1:U0609e9tgbseu3rBINet9P48AI/D3oJs4dN7jwJOQ1U=
github.com/julienschmidt/httprouter v1.3.0/go.mod h1:JR6WtHb+2LUe8TCKY3cZOxFyyO8IZAc4RVcycCCAKdM=
github.com/klauspost/cpuid/v2 v2.3.0 h1:S4CRMLnYUhGeDFDqkGriYKdfoFlDnMtqTiI/sFzhA9Y=
github.com/klauspost/cpuid/v2 v2.3.0/go.mod h1:hqwkgyIinND0mEev00jJYCxPNVRVXFQeu1XKlok6oO0=
github.com/klauspost/reedsolomon v1.13.3 h1:01GwnO2xoCSaM0ShP4qwl+FsHg3csFShC6Tu/RS1ji0=
github.com/klauspost/reedsolomon v1.13.3/go.mod h1:yjqqjgMTQkBUHSG97/rm4zipffCNbCiZcB3kTqr++sQ=
github.com/oschwald/geoip2-golang v1.13.0 h1:Q44/Ldc703pasJeP5V9+aFSZFmBN7DKHbNsSFzQATJI=
github.com/oschwald/geoip2-golang v1.13.0/go.mod h1:P9zG+54KPEFOliZ29i7SeYZ/GM6tfEL+rgSn03hYuUo=
github.com/oschwald/maxminddb-golang v1.13.0 h1:R8xBorY71s84yO06NgTmQvqvTvlS/bnYZrrWX1MElnU=
github.com/oschwald/maxminddb-golang v1.13.0/go.mod h1:BU0z8BfFVhi1LQaonTwwGQlsHUEu9pWNdMfmq4ztm0o=
github.com/quic-go/qpack v0.6.0 h1:g7W+BMYynC1LbYLSqRt8PBg5Tgwxn214ZZR34VIOjz8=
github.com/quic-go/qpack v0.6.0/go.mod h1:lUpLKChi8njB4ty2bFLX2x4gzDqXwUpaO1DP9qMDZII=
github.com/quic-go/quic-go v0.59.0 h1:OLJkp1Mlm/aS7dpKgTc6cnpynnD2Xg7C1pwL6vy/SAw=
github.com/quic-go/quic-go v0.59.0/go.mod h1:upnsH4Ju1YkqpLXC305eW3yDZ4NfnNbmQRCMWS58IKU=
github.com/quic-go/webtransport-go v0.10.0 h1:LqXXPOXuETY5Xe8ITdGisBzTYmUOy5eSj+9n4hLTjHI=
github.com/quic-go/webtransport-go v0.10.0/go.mod h1:LeGIXr5BQKE3UsynwVBeQrU1TPrbh73MGoC6jd+V7ow=
go.sia.tech/core v0.19.1-0.20260326151920-bbeb92b26458 h1:bkaQA63PY4G5z8OJXpqnDfazKn5b2SPL/Onbt9MdqSQ=
go.sia.tech/core v0.19.1-0.20260326151920-bbeb92b26458/go.mod h1:VW884XgsHjd9ptg8kkkl9OvHP1QLT/DlMWYjYQFvb88=
go.sia.tech/coreutils v0.21.2-0.20260327081620-0c3739d3b615 h1:USTNBHUF98uaYbxW+t52+6NHBZxbPxfijXqlrBIqMLw=
go.sia.tech/coreutils v0.21.2-0.20260327081620-0c3739d3b615/go.mod h1:HvQn12RaiOgpCiu6QWipGZbAhnNuqmpaEtkrG3cIG/M=
go.sia.tech/indexd v0.1.1-0.20260408142741-3ec7d3af7e4c h1:ewc0KGmzyJN+xeWlz6cexCE5XNJN5Ew7uVVC8CJwDFM=
go.sia.tech/indexd v0.1.1-0.20260408142741-3ec7d3af7e4c/go.mod h1:qpzf9qq/zRYBIAilmPc6aqErO5LkGEtgcv2xapgdDro=
go.sia.tech/jape v0.14.1 h1:3QWpOzAxxcaECuv2Mc6tbkFh+olLnyUxxP5SfwgI/qY=
go.sia.tech/jape v0.14.1/go.mod h1:BEygF1DcgdWBenPa75iJ1b91FuxzLmKBxpglmx+C9BY=
go.sia.tech/mux v1.5.0 h1:6bQeO5y4AQPcf+UYHjhxpaNX+2V2wI5LIl0BbAg2YDA=
go.sia.tech/mux v1.5.0/go.mod h1:1/SlgVsLOUsca5tXxAEEwl+Ohm4B8te2YdRhpRGaUZw=
go.sia.tech/siastorage v0.0.3 h1:bRVI3k7M5Oa2XVT5Jq0+Xj/5aeeIpy6ORskogYBNVuU=
go.sia.tech/siastorage v0.0.3/go.mod h1:v6Fmbb5pJS61AoMnQWDk979l8CbU/nISHJ51+G2qERo=
go.uber.org/multierr v1.11.0 h1:blXXJkSxSSfBVBlC76pxqeO+LN3aDfLQo+309xJstO0=
go.uber.org/multierr v1.11.0/go.mod h1:20+QtiLqy0Nd6FdQB9TLXag12DsQkrbs3htMFfDN80Y=
go.uber.org/zap v1.27.1 h1:08RqriUEv8+ArZRYSTXy1LeBScaMpVSTBhCeaZYfMYc=
go.uber.org/zap v1.27.1/go.mod h1:GB2qFLM7cTU87MWRP2mPIjqfIDnGu+VIO4V/SdhGo2E=
golang.org/x/crypto v0.49.0 h1:+Ng2ULVvLHnJ/ZFEq4KdcDd/cfjrrjjNSXNzxg0Y4U4=
golang.org/x/crypto v0.49.0/go.mod h1:ErX4dUh2UM+CFYiXZRTcMpEcN8b/1gxEuv3nODoYtCA=
golang.org/x/net v0.52.0 h1:He/TN1l0e4mmR3QqHMT2Xab3Aj3L9qjbhRm78/6jrW0=
golang.org/x/net v0.52.0/go.mod h1:R1MAz7uMZxVMualyPXb+VaqGSa3LIaUqk0eEt3w36Sw=
golang.org/x/sys v0.42.0 h1:omrd2nAlyT5ESRdCLYdm3+fMfNFE/+Rf4bDIQImRJeo=
golang.org/x/sys v0.42.0/go.mod h1:4GL1E5IUh+htKOUEOaiffhrAeqysfVGipDYzABqnCmw=
golang.org/x/text v0.35.0 h1:JOVx6vVDFokkpaq1AEptVzLTpDe9KGpj5tR4/X+ybL8=
golang.org/x/text v0.35.0/go.mod h1:khi/HExzZJ2pGnjenulevKNX1W67CUy0AsXcNubPGCA=
golang.org/x/time v0.15.0 h1:bbrp8t3bGUeFOx08pvsMYRTCVSMk89u4tKbNOZbp88U=
golang.org/x/time v0.15.0/go.mod h1:Y4YMaQmXwGQZoFaVFk4YpCt4FLQMYKZe9oeV/f4MSno=
golang.org/x/tools v0.43.0 h1:12BdW9CeB3Z+J/I/wj34VMl8X+fEXBxVR90JeMX5E7s=
golang.org/x/tools v0.43.0/go.mod h1:uHkMso649BX2cZK6+RpuIPXS3ho2hZo4FVwfoy1vIk0=
lukechampine.com/frand v1.5.1 h1:fg0eRtdmGFIxhP5zQJzM1lFDbD6CUfu/f+7WgAZd5/w=
lukechampine.com/frand v1.5.1/go.mod h1:4VstaWc2plN4Mjr10chUD46RAVGWhpkZ5Nja8+Azp0Q=
